<?xml version="1.0" encoding="utf-8"?>
<Project ToolsVersion="4.0" xmlns="http://schemas.microsoft.com/developer/msbuild/2003">
  <ItemGroup>
    <Filter Include="Source Files">
      <UniqueIdentifier>{4FC737F1-C7A5-4376-A066-2A32D752A2FF}</UniqueIdentifier>
      <Extensions>cpp;c;cc;cxx;def;odl;idl;hpj;bat;asm;asmx</Extensions>
    </Filter>
    <Filter Include="Header Files">
      <UniqueIdentifier>{93995380-89BD-4b04-88EB-625FBE52EBFB}</UniqueIdentifier>
      <Extensions>h;hh;hpp;hxx;hm;inl;inc;ipp;xsd</Extensions>
    </Filter>
    <Filter Include="Resource Files">
      <UniqueIdentifier>{67DA6AB6-F800-4c08-8B7A-83BB121AAD01}</UniqueIdentifier>
      <Extensions>rc;ico;cur;bmp;dlg;rc2;rct;bin;rgs;gif;jpg;jpeg;jpe;resx;tiff;tif;png;wav;mfcribbon-ms</Extensions>
    </Filter>
    <Filter Include="Header Files\Interface">
      <UniqueIdentifier>{11241a0e-9b71-4d30-b423-e5b613e499bf}</UniqueIdentifier>
    </Filter>
    <Filter Include="Header Files\IO">
      <UniqueIdentifier>{b7c24fb5-37c7-4af7-be2e-a29548e67f8c}</UniqueIdentifier>
    </Filter>
    <Filter Include="Source Files\IO">
      <UniqueIdentifier>{37c4de78-1ca3-4314-aeb9-a82bcdee27ea}</UniqueIdentifier>
    </Filter>
    <Filter Include="Source Files\Board">
      <UniqueIdentifier>{5e6639c7-e0b1-44fe-a0f8-17dab85f13eb}</UniqueIdentifier>
    </Filter>
    <Filter Include="Header Files\Board">
      <UniqueIdentifier>{37a8691d-84ae-4677-b85d-b7f1350b1a69}</UniqueIdentifier>
    </Filter>
    <Filter Include="Header Files\strategy">
      <UniqueIdentifier>{a675bf2f-32a4-4f96-adee-54649baf5a2a}</UniqueIdentifier>
    </Filter>
  </ItemGroup>
  <ItemGroup>
    <ClCompile Include="BattleShipGame.cpp">
      <Filter>Source Files</Filter>
    </ClCompile>
    <ClCompile Include="player.cpp">
      <Filter>Source Files</Filter>
    </ClCompile>
    <ClCompile Include="SysInInputProvider.cpp">
      <Filter>Source Files\IO</Filter>
    </ClCompile>
    <ClCompile Include="SysOutOutputPrinter.cpp">
      <Filter>Source Files\IO</Filter>
    </ClCompile>
    <ClCompile Include="Board.cpp">
      <Filter>Source Files\Board</Filter>
    </ClCompile>
    <ClCompile Include="BoardItem.cpp">
      <Filter>Source Files\Board</Filter>
    </ClCompile>
    <ClCompile Include="Coordinate.cpp">
      <Filter>Source Files\Board</Filter>
    </ClCompile>
    <ClCompile Include="RectangleBoundary.cpp">
      <Filter>Source Files\Board</Filter>
    </ClCompile>
    <ClCompile Include="LocalChanceGeneration.cpp">
      <Filter>Source Files</Filter>
    </ClCompile>
    <ClCompile Include="GameLoop.cpp">
      <Filter>Source Files</Filter>
    </ClCompile>
    <ClCompile Include="DefaultWinnerStrategy.cpp">
      <Filter>Source Files</Filter>
    </ClCompile>
    <ClCompile Include="RoundRobinPlayerPickingStrategy.cpp">
      <Filter>Source Files</Filter>
    </ClCompile>
  </ItemGroup>
  <ItemGroup>
    <ClInclude Include="player.h">
      <Filter>Header Files</Filter>
    </ClInclude>
    <ClInclude Include="IBoundary.h">
      <Filter>Header Files\Interface</Filter>
    </ClInclude>
    <ClInclude Include="IInputProvider.h">
      <Filter>Header Files\Interface</Filter>
    </ClInclude>
    <ClInclude Include="IOutputPrinter.h">
      <Filter>Header Files\Interface</Filter>
    </ClInclude>
    <ClInclude Include="SysInInputProvider.h">
      <Filter>Header Files\IO</Filter>
    </ClInclude>
    <ClInclude Include="SysOutOutputPrinter.h">
      <Filter>Header Files\IO</Filter>
    </ClInclude>
    <ClInclude Include="PlayerInput.h">
      <Filter>Header Files\IO</Filter>
    </ClInclude>
    <ClInclude Include="Board.h">
      <Filter>Header Files\Board</Filter>
    </ClInclude>
    <ClInclude Include="BoardItem.h">
      <Filter>Header Files\Board</Filter>
    </ClInclude>
    <ClInclude Include="Coordinate.h">
      <Filter>Header Files\Board</Filter>
    </ClInclude>
    <ClInclude Include="RectangleBoundary.h">
      <Filter>Header Files\Board</Filter>
    </ClInclude>
    <ClInclude Include="IChanceGenerationStrategy.h">
      <Filter>Header Files\Interface</Filter>
    </ClInclude>
    <ClInclude Include="GameLoop.h">
      <Filter>Header Files</Filter>
    </ClInclude>
    <ClInclude Include="IWinnerStrategy.h">
      <Filter>Header Files\Interface</Filter>
    </ClInclude>
    <ClInclude Include="IPlayerPickingStrategy.h">
      <Filter>Header Files\Interface</Filter>
    </ClInclude>
    <ClInclude Include="DefaultWinnerStrategy.h">
      <Filter>Header Files\strategy</Filter>
    </ClInclude>
    <ClInclude Include="LocalChanceGeneration.h">
      <Filter>Header Files\strategy</Filter>
    </ClInclude>
    <ClInclude Include="RoundRobinPlayerPickingStrategy.h">
      <Filter>Header Files\strategy</Filter>
    </ClInclude>
    <ClInclude Include="PlayerChanceTarget.h">
      <Filter>Header Files</Filter>
    </ClInclude>
  </ItemGroup>
</Project>